
Microsoft Visual Studio Solution File, Format Version 12.00
# Visual Studio Version 17
VisualStudioVersion = 17.10.35013.160
MinimumVisualStudioVersion = 10.0.40219.1
Project("{9A19103F-16F7-4668-BE54-9A1E7A4F7556}") = "SCTSMA.WEBAPP.API", "SCTSMA.WEBAPP.API\SCTSMA.WEBAPP.API.csproj", "{52634C21-4AD9-4C67-8606-555AA480FF30}"
EndProject
Project("{9A19103F-16F7-4668-BE54-9A1E7A4F7556}") = "SCTSMA.DOMAIN", "SCTSMA.DOMAIN\SCTSMA.DOMAIN.csproj", "{95BCAA06-7EA3-4A67-8E75-F37DC16994A0}"
EndProject
Project("{9A19103F-16F7-4668-BE54-9A1E7A4F7556}") = "SCTSMA.APPLICATION", "SCTSMA.APPLICATION\SCTSMA.APPLICATION.csproj", "{B1A8DC85-B86C-476C-8F0E-9001CC35CF29}"
EndProject
Project("{9A19103F-16F7-4668-BE54-9A1E7A4F7556}") = "SCTSMA.CONFIG", "SCTSMA.CONFIG\SCTSMA.CONFIG.csproj", "{DF04C060-41F0-4E0F-8EF0-CE44F6257BC4}"
EndProject
Project("{FAE04EC0-301F-11D3-BF4B-00C04F79EFBC}") = "SCTSMA.INFRASTRUCTURE", "SCTSMA.INFRASTRUCTURE\SCTSMA.INFRASTRUCTURE.csproj", "{2C58DF5F-DC00-40B2-BE43-650103C94253}"
EndProject
Project("{FAE04EC0-301F-11D3-BF4B-00C04F79EFBC}") = "SCTSMA.UTILS", "SCTSMA.UTILS\SCTSMA.UTILS.csproj", "{38C044B4-5181-4E6D-B756-AB5DD38F5916}"
EndProject
Global
	GlobalSection(SolutionConfigurationPlatforms) = preSolution
		Debug|Any CPU = Debug|Any CPU
		Release|Any CPU = Release|Any CPU
	EndGlobalSection
	GlobalSection(ProjectConfigurationPlatforms) = postSolution
		{52634C21-4AD9-4C67-8606-555AA480FF30}.Debug|Any CPU.ActiveCfg = Debug|Any CPU
		{52634C21-4AD9-4C67-8606-555AA480FF30}.Debug|Any CPU.Build.0 = Debug|Any CPU
		{52634C21-4AD9-4C67-8606-555AA480FF30}.Release|Any CPU.ActiveCfg = Release|Any CPU
		{52634C21-4AD9-4C67-8606-555AA480FF30}.Release|Any CPU.Build.0 = Release|Any CPU
		{95BCAA06-7EA3-4A67-8E75-F37DC16994A0}.Debug|Any CPU.ActiveCfg = Debug|Any CPU
		{95BCAA06-7EA3-4A67-8E75-F37DC16994A0}.Debug|Any CPU.Build.0 = Debug|Any CPU
		{95BCAA06-7EA3-4A67-8E75-F37DC16994A0}.Release|Any CPU.ActiveCfg = Release|Any CPU
		{95BCAA06-7EA3-4A67-8E75-F37DC16994A0}.Release|Any CPU.Build.0 = Release|Any CPU
		{B1A8DC85-B86C-476C-8F0E-9001CC35CF29}.Debug|Any CPU.ActiveCfg = Debug|Any CPU
		{B1A8DC85-B86C-476C-8F0E-9001CC35CF29}.Debug|Any CPU.Build.0 = Debug|Any CPU
		{B1A8DC85-B86C-476C-8F0E-9001CC35CF29}.Release|Any CPU.ActiveCfg = Release|Any CPU
		{B1A8DC85-B86C-476C-8F0E-9001CC35CF29}.Release|Any CPU.Build.0 = Release|Any CPU
		{DF04C060-41F0-4E0F-8EF0-CE44F6257BC4}.Debug|Any CPU.ActiveCfg = Debug|Any CPU
		{DF04C060-41F0-4E0F-8EF0-CE44F6257BC4}.Debug|Any CPU.Build.0 = Debug|Any CPU
		{DF04C060-41F0-4E0F-8EF0-CE44F6257BC4}.Release|Any CPU.ActiveCfg = Release|Any CPU
		{DF04C060-41F0-4E0F-8EF0-CE44F6257BC4}.Release|Any CPU.Build.0 = Release|Any CPU
		{2C58DF5F-DC00-40B2-BE43-650103C94253}.Debug|Any CPU.ActiveCfg = Debug|Any CPU
		{2C58DF5F-DC00-40B2-BE43-650103C94253}.Debug|Any CPU.Build.0 = Debug|Any CPU
		{2C58DF5F-DC00-40B2-BE43-650103C94253}.Release|Any CPU.ActiveCfg = Release|Any CPU
		{2C58DF5F-DC00-40B2-BE43-650103C94253}.Release|Any CPU.Build.0 = Release|Any CPU
		{38C044B4-5181-4E6D-B756-AB5DD38F5916}.Debug|Any CPU.ActiveCfg = Debug|Any CPU
		{38C044B4-5181-4E6D-B756-AB5DD38F5916}.Debug|Any CPU.Build.0 = Debug|Any CPU
		{38C044B4-5181-4E6D-B756-AB5DD38F5916}.Release|Any CPU.ActiveCfg = Release|Any CPU
		{38C044B4-5181-4E6D-B756-AB5DD38F5916}.Release|Any CPU.Build.0 = Release|Any CPU
	EndGlobalSection
	GlobalSection(SolutionProperties) = preSolution
		HideSolutionNode = FALSE
	EndGlobalSection
	GlobalSection(ExtensibilityGlobals) = postSolution
		SolutionGuid = {8BA07BAF-D99B-4B87-8D8A-986A486E236B}
	EndGlobalSection
EndGlobal
